
Microsoft Visual Studio Solution File, Format Version 12.00
# Visual Studio Version 17
VisualStudioVersion = 17.11.35219.272
MinimumVisualStudioVersion = 10.0.40219.1
Project("{FAE04EC0-301F-11D3-BF4B-00C04F79EFBC}") = "VAS_Service", "VAS_Service\VAS_Service.csproj", "{3CBDC6BD-49EB-4A4E-BCA3-DB5851B790D0}"
EndProject
Global
	GlobalSection(SolutionConfigurationPlatforms) = preSolution
		Debug|Any CPU = Debug|Any CPU
		Release|Any CPU = Release|Any CPU
	EndGlobalSection
	GlobalSection(ProjectConfigurationPlatforms) = postSolution
		{3CBDC6BD-49EB-4A4E-BCA3-DB5851B790D0}.Debug|Any CPU.ActiveCfg = Debug|Any CPU
		{3CBDC6BD-49EB-4A4E-BCA3-DB5851B790D0}.Debug|Any CPU.Build.0 = Debug|Any CPU
		{3CBDC6BD-49EB-4A4E-BCA3-DB5851B790D0}.Release|Any CPU.ActiveCfg = Release|Any CPU
		{3CBDC6BD-49EB-4A4E-BCA3-DB5851B790D0}.Release|Any CPU.Build.0 = Release|Any CPU
	EndGlobalSection
	GlobalSection(SolutionProperties) = preSolution
		HideSolutionNode = FALSE
	EndGlobalSection
	GlobalSection(ExtensibilityGlobals) = postSolution
		SolutionGuid = {D10C0B70-C537-45AA-A86A-62D27C6BF604}
	EndGlobalSection
EndGlobal
